
Microsoft Visual Studio Solution File, Format Version 10.00
# Visual Studio 2008
Project("{8BC9CEB8-8B4A-11D0-8D11-00A0C91BC942}") = "Rownania rozniczkowe", "Rownania rozniczkowe\Rownania rozniczkowe.vcproj", "{7FBF0588-1E1A-419D-97B3-0315A5CD9E37}"
EndProject
Global
	GlobalSection(SolutionConfigurationPlatforms) = preSolution
		Debug|Win32 = Debug|Win32
		Release|Win32 = Release|Win32
	EndGlobalSection
	GlobalSection(ProjectConfigurationPlatforms) = postSolution
		{7FBF0588-1E1A-419D-97B3-0315A5CD9E37}.Debug|Win32.ActiveCfg = Debug|Win32
		{7FBF0588-1E1A-419D-97B3-0315A5CD9E37}.Debug|Win32.Build.0 = Debug|Win32
		{7FBF0588-1E1A-419D-97B3-0315A5CD9E37}.Release|Win32.ActiveCfg = Release|Win32
		{7FBF0588-1E1A-419D-97B3-0315A5CD9E37}.Release|Win32.Build.0 = Release|Win32
	EndGlobalSection
	GlobalSection(SolutionProperties) = preSolution
		HideSolutionNode = FALSE
	EndGlobalSection
EndGlobal
